// !$*UTF8*$!
{
	archiveVersion = 1;
	classes = {
	};
	objectVersion = 56;
	objects = {

/* Begin PBXBuildFile section */
		2054096E29BD511100C3B2EA /* ScrumdingerApp.swift in Sources */ = {isa = PBXBuildFile; fileRef = 2054096D29BD511100C3B2EA /* ScrumdingerApp.swift */; };
		2054097029BD511100C3B2EA /* MeetingView.swift in Sources */ = {isa = PBXBuildFile; fileRef = 2054096F29BD511100C3B2EA /* MeetingView.swift */; };
		2054097229BD511300C3B2EA /* Assets.xcassets in Resources */ = {isa = PBXBuildFile; fileRef = 2054097129BD511300C3B2EA /* Assets.xcassets */; };
		2054097529BD511300C3B2EA /* Preview Assets.xcassets in Resources */ = {isa = PBXBuildFile; fileRef = 2054097429BD511300C3B2EA /* Preview Assets.xcassets */; };
		2054097F29BD511300C3B2EA /* ScrumdingerTests.swift in Sources */ = {isa = PBXBuildFile; fileRef = 2054097E29BD511300C3B2EA /* ScrumdingerTests.swift */; };
		2054098929BD511300C3B2EA /* ScrumdingerUITests.swift in Sources */ = {isa = PBXBuildFile; fileRef = 2054098829BD511300C3B2EA /* ScrumdingerUITests.swift */; };
		2054098B29BD511300C3B2EA /* ScrumdingerUITestsLaunchTests.swift in Sources */ = {isa = PBXBuildFile; fileRef = 2054098A29BD511300C3B2EA /* ScrumdingerUITestsLaunchTests.swift */; };
		2054099929BD619D00C3B2EA /* Theme.swift in Sources */ = {isa = PBXBuildFile; fileRef = 2054099829BD619D00C3B2EA /* Theme.swift */; };
		2054099B29BD660900C3B2EA /* DailyScrum.swift in Sources */ = {isa = PBXBuildFile; fileRef = 2054099A29BD660900C3B2EA /* DailyScrum.swift */; };
		2054099D29BD67C000C3B2EA /* CardView.swift in Sources */ = {isa = PBXBuildFile; fileRef = 2054099C29BD67C000C3B2EA /* CardView.swift */; };
		2054099F29BD829E00C3B2EA /* TrailingIconLabelStyle.swift in Sources */ = {isa = PBXBuildFile; fileRef = 2054099E29BD829E00C3B2EA /* TrailingIconLabelStyle.swift */; };
		205409A129BD8A0800C3B2EA /* ScrumsView.swift in Sources */ = {isa = PBXBuildFile; fileRef = 205409A029BD8A0800C3B2EA /* ScrumsView.swift */; };
		205409A529BDF47600C3B2EA /* DetailView.swift in Sources */ = {isa = PBXBuildFile; fileRef = 205409A429BDF47600C3B2EA /* DetailView.swift */; };
		20D9A09629C6993C00AF6DF7 /* DetailEditView.swift in Sources */ = {isa = PBXBuildFile; fileRef = 20D9A09529C6993C00AF6DF7 /* DetailEditView.swift */; };
		20D9A09829C6B9CC00AF6DF7 /* ThemeView.swift in Sources */ = {isa = PBXBuildFile; fileRef = 20D9A09729C6B9CC00AF6DF7 /* ThemeView.swift */; };
		20D9A09A29C6BC4000AF6DF7 /* ThemePicker.swift in Sources */ = {isa = PBXBuildFile; fileRef = 20D9A09929C6BC4000AF6DF7 /* ThemePicker.swift */; };
		20D9A09C29C71A3C00AF6DF7 /* MeetingHeaderView.swift in Sources */ = {isa = PBXBuildFile; fileRef = 20D9A09B29C71A3C00AF6DF7 /* MeetingHeaderView.swift */; };
		20D9A09E29C7294500AF6DF7 /* ScrumProgressViewStyle.swift in Sources */ = {isa = PBXBuildFile; fileRef = 20D9A09D29C7294500AF6DF7 /* ScrumProgressViewStyle.swift */; };
		20D9A0A029C72C8E00AF6DF7 /* ScrumTimer.swift in Sources */ = {isa = PBXBuildFile; fileRef = 20D9A09F29C72C8E00AF6DF7 /* ScrumTimer.swift */; };
		20D9A0A229C72F7A00AF6DF7 /* MeetingFooterView.swift in Sources */ = {isa = PBXBuildFile; fileRef = 20D9A0A129C72F7A00AF6DF7 /* MeetingFooterView.swift */; };
		20D9A0A429C7351100AF6DF7 /* AVPlayer+Ding.swift in Sources */ = {isa = PBXBuildFile; fileRef = 20D9A0A329C7351100AF6DF7 /* AVPlayer+Ding.swift */; };
		20D9A0A729C7370000AF6DF7 /* ding.wav in Resources */ = {isa = PBXBuildFile; fileRef = 20D9A0A629C7370000AF6DF7 /* ding.wav */; };
		20F16CAA29CFF8D50033D35F /* History.swift in Sources */ = {isa = PBXBuildFile; fileRef = 20F16CA929CFF8D50033D35F /* History.swift */; };
/* End PBXBuildFile section */

/* Begin PBXContainerItemProxy section */
		2054097B29BD511300C3B2EA /* PBXContainerItemProxy */ = {
			isa = PBXContainerItemProxy;
			containerPortal = 2054096229BD511100C3B2EA /* Project object */;
			proxyType = 1;
			remoteGlobalIDString = 2054096929BD511100C3B2EA;
			remoteInfo = Scrumdinger;
		};
		2054098529BD511300C3B2EA /* PBXContainerItemProxy */ = {
			isa = PBXContainerItemProxy;
			containerPortal = 2054096229BD511100C3B2EA /* Project object */;
			proxyType = 1;
			remoteGlobalIDString = 2054096929BD511100C3B2EA;
			remoteInfo = Scrumdinger;
		};
/* End PBXContainerItemProxy section */

/* Begin PBXFileReference section */
		2054096A29BD511100C3B2EA /* Scrumdinger.app */ = {isa = PBXFileReference; explicitFileType = wrapper.application; includeInIndex = 0; path = Scrumdinger.app; sourceTree = BUILT_PRODUCTS_DIR; };
		2054096D29BD511100C3B2EA /* ScrumdingerApp.swift */ = {isa = PBXFileReference; lastKnownFileType = sourcecode.swift; path = ScrumdingerApp.swift; sourceTree = "<group>"; };
		2054096F29BD511100C3B2EA /* MeetingView.swift */ = {isa = PBXFileReference; lastKnownFileType = sourcecode.swift; path = MeetingView.swift; sourceTree = "<group>"; };
		2054097129BD511300C3B2EA /* Assets.xcassets */ = {isa = PBXFileReference; lastKnownFileType = folder.assetcatalog; path = Assets.xcassets; sourceTree = "<group>"; };
		2054097429BD511300C3B2EA /* Preview Assets.xcassets */ = {isa = PBXFileReference; lastKnownFileType = folder.assetcatalog; path = "Preview Assets.xcassets"; sourceTree = "<group>"; };
		2054097A29BD511300C3B2EA /* ScrumdingerTests.xctest */ = {isa = PBXFileReference; explicitFileType = wrapper.cfbundle; includeInIndex = 0; path = ScrumdingerTests.xctest; sourceTree = BUILT_PRODUCTS_DIR; };
		2054097E29BD511300C3B2EA /* ScrumdingerTests.swift */ = {isa = PBXFileReference; lastKnownFileType = sourcecode.swift; path = ScrumdingerTests.swift; sourceTree = "<group>"; };
		2054098429BD511300C3B2EA /* ScrumdingerUITests.xctest */ = {isa = PBXFileReference; explicitFileType = wrapper.cfbundle; includeInIndex = 0; path = ScrumdingerUITests.xctest; sourceTree = BUILT_PRODUCTS_DIR; };
		2054098829BD511300C3B2EA /* ScrumdingerUITests.swift */ = {isa = PBXFileReference; lastKnownFileType = sourcecode.swift; path = ScrumdingerUITests.swift; sourceTree = "<group>"; };
		2054098A29BD511300C3B2EA /* ScrumdingerUITestsLaunchTests.swift */ = {isa = PBXFileReference; lastKnownFileType = sourcecode.swift; path = ScrumdingerUITestsLaunchTests.swift; sourceTree = "<group>"; };
		2054099829BD619D00C3B2EA /* Theme.swift */ = {isa = PBXFileReference; lastKnownFileType = sourcecode.swift; path = Theme.swift; sourceTree = "<group>"; };
		2054099A29BD660900C3B2EA /* DailyScrum.swift */ = {isa = PBXFileReference; lastKnownFileType = sourcecode.swift; path = DailyScrum.swift; sourceTree = "<group>"; };
		2054099C29BD67C000C3B2EA /* CardView.swift */ = {isa = PBXFileReference; lastKnownFileType = sourcecode.swift; path = CardView.swift; sourceTree = "<group>"; };
		2054099E29BD829E00C3B2EA /* TrailingIconLabelStyle.swift */ = {isa = PBXFileReference; lastKnownFileType = sourcecode.swift; path = TrailingIconLabelStyle.swift; sourceTree = "<group>"; };
		205409A029BD8A0800C3B2EA /* ScrumsView.swift */ = {isa = PBXFileReference; lastKnownFileType = sourcecode.swift; path = ScrumsView.swift; sourceTree = "<group>"; };
		205409A429BDF47600C3B2EA /* DetailView.swift */ = {isa = PBXFileReference; lastKnownFileType = sourcecode.swift; path = DetailView.swift; sourceTree = "<group>"; };
		20D9A09529C6993C00AF6DF7 /* DetailEditView.swift */ = {isa = PBXFileReference; lastKnownFileType = sourcecode.swift; path = DetailEditView.swift; sourceTree = "<group>"; };
		20D9A09729C6B9CC00AF6DF7 /* ThemeView.swift */ = {isa = PBXFileReference; lastKnownFileType = sourcecode.swift; path = ThemeView.swift; sourceTree = "<group>"; };
		20D9A09929C6BC4000AF6DF7 /* ThemePicker.swift */ = {isa = PBXFileReference; lastKnownFileType = sourcecode.swift; path = ThemePicker.swift; sourceTree = "<group>"; };
		20D9A09B29C71A3C00AF6DF7 /* MeetingHeaderView.swift */ = {isa = PBXFileReference; lastKnownFileType = sourcecode.swift; path = MeetingHeaderView.swift; sourceTree = "<group>"; };
		20D9A09D29C7294500AF6DF7 /* ScrumProgressViewStyle.swift */ = {isa = PBXFileReference; lastKnownFileType = sourcecode.swift; path = ScrumProgressViewStyle.swift; sourceTree = "<group>"; };
		20D9A09F29C72C8E00AF6DF7 /* ScrumTimer.swift */ = {isa = PBXFileReference; lastKnownFileType = sourcecode.swift; path = ScrumTimer.swift; sourceTree = "<group>"; };
		20D9A0A129C72F7A00AF6DF7 /* MeetingFooterView.swift */ = {isa = PBXFileReference; lastKnownFileType = sourcecode.swift; path = MeetingFooterView.swift; sourceTree = "<group>"; };
		20D9A0A329C7351100AF6DF7 /* AVPlayer+Ding.swift */ = {isa = PBXFileReference; lastKnownFileType = sourcecode.swift; path = "AVPlayer+Ding.swift"; sourceTree = "<group>"; };
		20D9A0A629C7370000AF6DF7 /* ding.wav */ = {isa = PBXFileReference; lastKnownFileType = audio.wav; path = ding.wav; sourceTree = "<group>"; };
		20F16CA929CFF8D50033D35F /* History.swift */ = {isa = PBXFileReference; lastKnownFileType = sourcecode.swift; path = History.swift; sourceTree = "<group>"; };
/* End PBXFileReference section */

/* Begin PBXFrameworksBuildPhase section */
		2054096729BD511100C3B2EA /* Frameworks */ = {
			isa = PBXFrameworksBuildPhase;
			buildActionMask = 2147483647;
			files = (
			);
			runOnlyForDeploymentPostprocessing = 0;
		};
		2054097729BD511300C3B2EA /* Frameworks */ = {
			isa = PBXFrameworksBuildPhase;
			buildActionMask = 2147483647;
			files = (
			);
			runOnlyForDeploymentPostprocessing = 0;
		};
		2054098129BD511300C3B2EA /* Frameworks */ = {
			isa = PBXFrameworksBuildPhase;
			buildActionMask = 2147483647;
			files = (
			);
			runOnlyForDeploymentPostprocessing = 0;
		};
/* End PBXFrameworksBuildPhase section */

/* Begin PBXGroup section */
		2054096129BD511100C3B2EA = {
			isa = PBXGroup;
			children = (
				2054096C29BD511100C3B2EA /* Scrumdinger */,
				2054097D29BD511300C3B2EA /* ScrumdingerTests */,
				2054098729BD511300C3B2EA /* ScrumdingerUITests */,
				2054096B29BD511100C3B2EA /* Products */,
			);
			sourceTree = "<group>";
		};
		2054096B29BD511100C3B2EA /* Products */ = {
			isa = PBXGroup;
			children = (
				2054096A29BD511100C3B2EA /* Scrumdinger.app */,
				2054097A29BD511300C3B2EA /* ScrumdingerTests.xctest */,
				2054098429BD511300C3B2EA /* ScrumdingerUITests.xctest */,
			);
			name = Products;
			sourceTree = "<group>";
		};
		2054096C29BD511100C3B2EA /* Scrumdinger */ = {
			isa = PBXGroup;
			children = (
				20D9A0A529C736C900AF6DF7 /* Resources */,
				2054099729BD614100C3B2EA /* Models */,
				2054096D29BD511100C3B2EA /* ScrumdingerApp.swift */,
				2054096F29BD511100C3B2EA /* MeetingView.swift */,
				2054097129BD511300C3B2EA /* Assets.xcassets */,
				2054097329BD511300C3B2EA /* Preview Content */,
				2054099C29BD67C000C3B2EA /* CardView.swift */,
				2054099E29BD829E00C3B2EA /* TrailingIconLabelStyle.swift */,
				205409A029BD8A0800C3B2EA /* ScrumsView.swift */,
				205409A429BDF47600C3B2EA /* DetailView.swift */,
				20D9A09529C6993C00AF6DF7 /* DetailEditView.swift */,
				20D9A09729C6B9CC00AF6DF7 /* ThemeView.swift */,
				20D9A09929C6BC4000AF6DF7 /* ThemePicker.swift */,
				20D9A09B29C71A3C00AF6DF7 /* MeetingHeaderView.swift */,
				20D9A09D29C7294500AF6DF7 /* ScrumProgressViewStyle.swift */,
				20D9A0A129C72F7A00AF6DF7 /* MeetingFooterView.swift */,
			);
			path = Scrumdinger;
			sourceTree = "<group>";
		};
		2054097329BD511300C3B2EA /* Preview Content */ = {
			isa = PBXGroup;
			children = (
				2054097429BD511300C3B2EA /* Preview Assets.xcassets */,
			);
			path = "Preview Content";
			sourceTree = "<group>";
		};
		2054097D29BD511300C3B2EA /* ScrumdingerTests */ = {
			isa = PBXGroup;
			children = (
				2054097E29BD511300C3B2EA /* ScrumdingerTests.swift */,
			);
			path = ScrumdingerTests;
			sourceTree = "<group>";
		};
		2054098729BD511300C3B2EA /* ScrumdingerUITests */ = {
			isa = PBXGroup;
			children = (
				2054098829BD511300C3B2EA /* ScrumdingerUITests.swift */,
				2054098A29BD511300C3B2EA /* ScrumdingerUITestsLaunchTests.swift */,
			);
			path = ScrumdingerUITests;
			sourceTree = "<group>";
		};
		2054099729BD614100C3B2EA /* Models */ = {
			isa = PBXGroup;
			children = (
				2054099829BD619D00C3B2EA /* Theme.swift */,
				2054099A29BD660900C3B2EA /* DailyScrum.swift */,
				20D9A09F29C72C8E00AF6DF7 /* ScrumTimer.swift */,
				20D9A0A329C7351100AF6DF7 /* AVPlayer+Ding.swift */,
				20F16CA929CFF8D50033D35F /* History.swift */,
			);
			path = Models;
			sourceTree = "<group>";
		};
		20D9A0A529C736C900AF6DF7 /* Resources */ = {
			isa = PBXGroup;
			children = (
				20D9A0A629C7370000AF6DF7 /* ding.wav */,
			);
			path = Resources;
			sourceTree = "<group>";
		};
/* End PBXGroup section */

/* Begin PBXNativeTarget section */
		2054096929BD511100C3B2EA /* Scrumdinger */ = {
			isa = PBXNativeTarget;
			buildConfigurationList = 2054098E29BD511300C3B2EA /* Build configuration list for PBXNativeTarget "Scrumdinger" */;
			buildPhases = (
				2054096629BD511100C3B2EA /* Sources */,
				2054096729BD511100C3B2EA /* Frameworks */,
				2054096829BD511100C3B2EA /* Resources */,
			);
			buildRules = (
			);
			dependencies = (
			);
			name = Scrumdinger;
			productName = Scrumdinger;
			productReference = 2054096A29BD511100C3B2EA /* Scrumdinger.app */;
			productType = "com.apple.product-type.application";
		};
		2054097929BD511300C3B2EA /* ScrumdingerTests */ = {
			isa = PBXNativeTarget;
			buildConfigurationList = 2054099129BD511300C3B2EA /* Build configuration list for PBXNativeTarget "ScrumdingerTests" */;
			buildPhases = (
				2054097629BD511300C3B2EA /* Sources */,
				2054097729BD511300C3B2EA /* Frameworks */,
				2054097829BD511300C3B2EA /* Resources */,
			);
			buildRules = (
			);
			dependencies = (
				2054097C29BD511300C3B2EA /* PBXTargetDependency */,
			);
			name = ScrumdingerTests;
			productName = ScrumdingerTests;
			productReference = 2054097A29BD511300C3B2EA /* ScrumdingerTests.xctest */;
			productType = "com.apple.product-type.bundle.unit-test";
		};
		2054098329BD511300C3B2EA /* ScrumdingerUITests */ = {
			isa = PBXNativeTarget;
			buildConfigurationList = 2054099429BD511300C3B2EA /* Build configuration list for PBXNativeTarget "ScrumdingerUITests" */;
			buildPhases = (
				2054098029BD511300C3B2EA /* Sources */,
				2054098129BD511300C3B2EA /* Frameworks */,
				2054098229BD511300C3B2EA /* Resources */,
			);
			buildRules = (
			);
			dependencies = (
				2054098629BD511300C3B2EA /* PBXTargetDependency */,
			);
			name = ScrumdingerUITests;
			productName = ScrumdingerUITests;
			productReference = 2054098429BD511300C3B2EA /* ScrumdingerUITests.xctest */;
			productType = "com.apple.product-type.bundle.ui-testing";
		};
/* End PBXNativeTarget section */

/* Begin PBXProject section */
		2054096229BD511100C3B2EA /* Project object */ = {
			isa = PBXProject;
			attributes = {
				BuildIndependentTargetsInParallel = 1;
				LastSwiftUpdateCheck = 1420;
				LastUpgradeCheck = 1420;
				TargetAttributes = {
					2054096929BD511100C3B2EA = {
						CreatedOnToolsVersion = 14.2;
					};
					2054097929BD511300C3B2EA = {
						CreatedOnToolsVersion = 14.2;
						TestTargetID = 2054096929BD511100C3B2EA;
					};
					2054098329BD511300C3B2EA = {
						CreatedOnToolsVersion = 14.2;
						TestTargetID = 2054096929BD511100C3B2EA;
					};
				};
			};
			buildConfigurationList = 2054096529BD511100C3B2EA /* Build configuration list for PBXProject "Scrumdinger" */;
			compatibilityVersion = "Xcode 14.0";
			developmentRegion = en;
			hasScannedForEncodings = 0;
			knownRegions = (
				en,
				Base,
			);
			mainGroup = 2054096129BD511100C3B2EA;
			productRefGroup = 2054096B29BD511100C3B2EA /* Products */;
			projectDirPath = "";
			projectRoot = "";
			targets = (
				2054096929BD511100C3B2EA /* Scrumdinger */,
				2054097929BD511300C3B2EA /* ScrumdingerTests */,
				2054098329BD511300C3B2EA /* ScrumdingerUITests */,
			);
		};
/* End PBXProject section */

/* Begin PBXResourcesBuildPhase section */
		2054096829BD511100C3B2EA /* Resources */ = {
			isa = PBXResourcesBuildPhase;
			buildActionMask = 2147483647;
			files = (
				20D9A0A729C7370000AF6DF7 /* ding.wav in Resources */,
				2054097529BD511300C3B2EA /* Preview Assets.xcassets in Resources */,
				2054097229BD511300C3B2EA /* Assets.xcassets in Resources */,
			);
			runOnlyForDeploymentPostprocessing = 0;
		};
		2054097829BD511300C3B2EA /* Resources */ = {
			isa = PBXResourcesBuildPhase;
			buildActionMask = 2147483647;
			files = (
			);
			runOnlyForDeploymentPostprocessing = 0;
		};
		2054098229BD511300C3B2EA /* Resources */ = {
			isa = PBXResourcesBuildPhase;
			buildActionMask = 2147483647;
			files = (
			);
			runOnlyForDeploymentPostprocessing = 0;
		};
/* End PBXResourcesBuildPhase section */

/* Begin PBXSourcesBuildPhase section */
		2054096629BD511100C3B2EA /* Sources */ = {
			isa = PBXSourcesBuildPhase;
			buildActionMask = 2147483647;
			files = (
				20F16CAA29CFF8D50033D35F /* History.swift in Sources */,
				20D9A09A29C6BC4000AF6DF7 /* ThemePicker.swift in Sources */,
				20D9A09E29C7294500AF6DF7 /* ScrumProgressViewStyle.swift in Sources */,
				20D9A0A229C72F7A00AF6DF7 /* MeetingFooterView.swift in Sources */,
				20D9A0A029C72C8E00AF6DF7 /* ScrumTimer.swift in Sources */,
				2054099B29BD660900C3B2EA /* DailyScrum.swift in Sources */,
				205409A529BDF47600C3B2EA /* DetailView.swift in Sources */,
				20D9A09C29C71A3C00AF6DF7 /* MeetingHeaderView.swift in Sources */,
				20D9A09629C6993C00AF6DF7 /* DetailEditView.swift in Sources */,
				2054099F29BD829E00C3B2EA /* TrailingIconLabelStyle.swift in Sources */,
				2054099929BD619D00C3B2EA /* Theme.swift in Sources */,
				205409A129BD8A0800C3B2EA /* ScrumsView.swift in Sources */,
				2054097029BD511100C3B2EA /* MeetingView.swift in Sources */,
				2054096E29BD511100C3B2EA /* ScrumdingerApp.swift in Sources */,
				20D9A09829C6B9CC00AF6DF7 /* ThemeView.swift in Sources */,
				2054099D29BD67C000C3B2EA /* CardView.swift in Sources */,
				20D9A0A429C7351100AF6DF7 /* AVPlayer+Ding.swift in Sources */,
			);
			runOnlyForDeploymentPostprocessing = 0;
		};
		2054097629BD511300C3B2EA /* Sources */ = {
			isa = PBXSourcesBuildPhase;
			buildActionMask = 2147483647;
			files = (
				2054097F29BD511300C3B2EA /* ScrumdingerTests.swift in Sources */,
			);
			runOnlyForDeploymentPostprocessing = 0;
		};
		2054098029BD511300C3B2EA /* Sources */ = {
			isa = PBXSourcesBuildPhase;
			buildActionMask = 2147483647;
			files = (
				2054098B29BD511300C3B2EA /* ScrumdingerUITestsLaunchTests.swift in Sources */,
				2054098929BD511300C3B2EA /* ScrumdingerUITests.swift in Sources */,
			);
			runOnlyForDeploymentPostprocessing = 0;
		};
/* End PBXSourcesBuildPhase section */

/* Begin PBXTargetDependency section */
		2054097C29BD511300C3B2EA /* PBXTargetDependency */ = {
			isa = PBXTargetDependency;
			target = 2054096929BD511100C3B2EA /* Scrumdinger */;
			targetProxy = 2054097B29BD511300C3B2EA /* PBXContainerItemProxy */;
		};
		2054098629BD511300C3B2EA /* PBXTargetDependency */ = {
			isa = PBXTargetDependency;
			target = 2054096929BD511100C3B2EA /* Scrumdinger */;
			targetProxy = 2054098529BD511300C3B2EA /* PBXContainerItemProxy */;
		};
/* End PBXTargetDependency section */

/* Begin XCBuildConfiguration section */
		2054098C29BD511300C3B2EA /* Debug */ = {
			isa = XCBuildConfiguration;
			buildSettings = {
				ALWAYS_SEARCH_USER_PATHS = NO;
				CLANG_ANALYZER_NONNULL = YES;
				CLANG_ANALYZER_NUMBER_OBJECT_CONVERSION = YES_AGGRESSIVE;
				CLANG_CXX_LANGUAGE_STANDARD = "gnu++20";
				CLANG_ENABLE_MODULES = YES;
				CLANG_ENABLE_OBJC_ARC = YES;
				CLANG_ENABLE_OBJC_WEAK = YES;
				CLANG_WARN_BLOCK_CAPTURE_AUTORELEASING = YES;
				CLANG_WARN_BOOL_CONVERSION = YES;
				CLANG_WARN_COMMA = YES;
				CLANG_WARN_CONSTANT_CONVERSION = YES;
				CLANG_WARN_DEPRECATED_OBJC_IMPLEMENTATIONS = YES;
				CLANG_WARN_DIRECT_OBJC_ISA_USAGE = YES_ERROR;
				CLANG_WARN_DOCUMENTATION_COMMENTS = YES;
				CLANG_WARN_EMPTY_BODY = YES;
				CLANG_WARN_ENUM_CONVERSION = YES;
				CLANG_WARN_INFINITE_RECURSION = YES;
				CLANG_WARN_INT_CONVERSION = YES;
				CLANG_WARN_NON_LITERAL_NULL_CONVERSION = YES;
				CLANG_WARN_OBJC_IMPLICIT_RETAIN_SELF = YES;
				CLANG_WARN_OBJC_LITERAL_CONVERSION = YES;
				CLANG_WARN_OBJC_ROOT_CLASS = YES_ERROR;
				CLANG_WARN_QUOTED_INCLUDE_IN_FRAMEWORK_HEADER = YES;
				CLANG_WARN_RANGE_LOOP_ANALYSIS = YES;
				CLANG_WARN_STRICT_PROTOTYPES = YES;
				CLANG_WARN_SUSPICIOUS_MOVE = YES;
				CLANG_WARN_UNGUARDED_AVAILABILITY = YES_AGGRESSIVE;
				CLANG_WARN_UNREACHABLE_CODE = YES;
				CLANG_WARN__DUPLICATE_METHOD_MATCH = YES;
				COPY_PHASE_STRIP = NO;
				DEBUG_INFORMATION_FORMAT = dwarf;
				ENABLE_STRICT_OBJC_MSGSEND = YES;
				ENABLE_TESTABILITY = YES;
				GCC_C_LANGUAGE_STANDARD = gnu11;
				GCC_DYNAMIC_NO_PIC = NO;
				GCC_NO_COMMON_BLOCKS = YES;
				GCC_OPTIMIZATION_LEVEL = 0;
				GCC_PREPROCESSOR_DEFINITIONS = (
					"DEBUG=1",
					"$(inherited)",
				);
				GCC_WARN_64_TO_32_BIT_CONVERSION = YES;
				GCC_WARN_ABOUT_RETURN_TYPE = YES_ERROR;
				GCC_WARN_UNDECLARED_SELECTOR = YES;
				GCC_WARN_UNINITIALIZED_AUTOS = YES_AGGRESSIVE;
				GCC_WARN_UNUSED_FUNCTION = YES;
				GCC_WARN_UNUSED_VARIABLE = YES;
				IPHONEOS_DEPLOYMENT_TARGET = 15.0;
				MTL_ENABLE_DEBUG_INFO = INCLUDE_SOURCE;
				MTL_FAST_MATH = YES;
				ONLY_ACTIVE_ARCH = YES;
				SDKROOT = iphoneos;
				SWIFT_ACTIVE_COMPILATION_CONDITIONS = DEBUG;
				SWIFT_OPTIMIZATION_LEVEL = "-Onone";
			};
			name = Debug;
		};
		2054098D29BD511300C3B2EA /* Release */ = {
			isa = XCBuildConfiguration;
			buildSettings = {
				ALWAYS_SEARCH_USER_PATHS = NO;
				CLANG_ANALYZER_NONNULL = YES;
				CLANG_ANALYZER_NUMBER_OBJECT_CONVERSION = YES_AGGRESSIVE;
				CLANG_CXX_LANGUAGE_STANDARD = "gnu++20";
				CLANG_ENABLE_MODULES = YES;
				CLANG_ENABLE_OBJC_ARC = YES;
				CLANG_ENABLE_OBJC_WEAK = YES;
				CLANG_WARN_BLOCK_CAPTURE_AUTORELEASING = YES;
				CLANG_WARN_BOOL_CONVERSION = YES;
				CLANG_WARN_COMMA = YES;
				CLANG_WARN_CONSTANT_CONVERSION = YES;
				CLANG_WARN_DEPRECATED_OBJC_IMPLEMENTATIONS = YES;
				CLANG_WARN_DIRECT_OBJC_ISA_USAGE = YES_ERROR;
				CLANG_WARN_DOCUMENTATION_COMMENTS = YES;
				CLANG_WARN_EMPTY_BODY = YES;
				CLANG_WARN_ENUM_CONVERSION = YES;
				CLANG_WARN_INFINITE_RECURSION = YES;
				CLANG_WARN_INT_CONVERSION = YES;
				CLANG_WARN_NON_LITERAL_NULL_CONVERSION = YES;
				CLANG_WARN_OBJC_IMPLICIT_RETAIN_SELF = YES;
				CLANG_WARN_OBJC_LITERAL_CONVERSION = YES;
				CLANG_WARN_OBJC_ROOT_CLASS = YES_ERROR;
				CLANG_WARN_QUOTED_INCLUDE_IN_FRAMEWORK_HEADER = YES;
				CLANG_WARN_RANGE_LOOP_ANALYSIS = YES;
				CLANG_WARN_STRICT_PROTOTYPES = YES;
				CLANG_WARN_SUSPICIOUS_MOVE = YES;
				CLANG_WARN_UNGUARDED_AVAILABILITY = YES_AGGRESSIVE;
				CLANG_WARN_UNREACHABLE_CODE = YES;
				CLANG_WARN__DUPLICATE_METHOD_MATCH = YES;
				COPY_PHASE_STRIP = NO;
				DEBUG_INFORMATION_FORMAT = "dwarf-with-dsym";
				ENABLE_NS_ASSERTIONS = NO;
				ENABLE_STRICT_OBJC_MSGSEND = YES;
				GCC_C_LANGUAGE_STANDARD = gnu11;
				GCC_NO_COMMON_BLOCKS = YES;
				GCC_WARN_64_TO_32_BIT_CONVERSION = YES;
				GCC_WARN_ABOUT_RETURN_TYPE = YES_ERROR;
				GCC_WARN_UNDECLARED_SELECTOR = YES;
				GCC_WARN_UNINITIALIZED_AUTOS = YES_AGGRESSIVE;
				GCC_WARN_UNUSED_FUNCTION = YES;
				GCC_WARN_UNUSED_VARIABLE = YES;
				IPHONEOS_DEPLOYMENT_TARGET = 15.0;
				MTL_ENABLE_DEBUG_INFO = NO;
				MTL_FAST_MATH = YES;
				SDKROOT = iphoneos;
				SWIFT_COMPILATION_MODE = wholemodule;
				SWIFT_OPTIMIZATION_LEVEL = "-O";
				VALIDATE_PRODUCT = YES;
			};
			name = Release;
		};
		2054098F29BD511300C3B2EA /* Debug */ = {
			isa = XCBuildConfiguration;
			buildSettings = {
				ASSETCATALOG_COMPILER_APPICON_NAME = AppIcon;
				ASSETCATALOG_COMPILER_GLOBAL_ACCENT_COLOR_NAME = AccentColor;
				CODE_SIGN_IDENTITY = "Apple Development";
				CODE_SIGN_STYLE = Automatic;
				CURRENT_PROJECT_VERSION = 1;
				DEVELOPMENT_ASSET_PATHS = "\"Scrumdinger/Preview Content\"";
				DEVELOPMENT_TEAM = P55KL9T8CF;
				ENABLE_PREVIEWS = YES;
				GENERATE_INFOPLIST_FILE = YES;
				INFOPLIST_KEY_UIApplicationSceneManifest_Generation = YES;
				INFOPLIST_KEY_UIApplicationSupportsIndirectInputEvents = YES;
				INFOPLIST_KEY_UILaunchScreen_Generation = YES;
				INFOPLIST_KEY_UISupportedInterfaceOrientations_iPad = "UIInterfaceOrientationPortrait UIInterfaceOrientationPortraitUpsideDown UIInterfaceOrientationLandscapeLeft UIInterfaceOrientationLandscapeRight";
				INFOPLIST_KEY_UISupportedInterfaceOrientations_iPhone = "UIInterfaceOrientationPortrait UIInterfaceOrientationLandscapeLeft UIInterfaceOrientationLandscapeRight";
				IPHONEOS_DEPLOYMENT_TARGET = 16.2;
				LD_RUNPATH_SEARCH_PATHS = (
					"$(inherited)",
					"@executable_path/Frameworks",
				);
				MARKETING_VERSION = 1.0;
				PRODUCT_BUNDLE_IDENTIFIER = com.mynt.Scrumdinger;
				PRODUCT_NAME = "$(TARGET_NAME)";
				PROVISIONING_PROFILE_SPECIFIER = "";
				SWIFT_EMIT_LOC_STRINGS = YES;
				SWIFT_VERSION = 5.0;
				TARGETED_DEVICE_FAMILY = "1,2";
			};
			name = Debug;
		};
		2054099029BD511300C3B2EA /* Release */ = {
			isa = XCBuildConfiguration;
			buildSettings = {
				ASSETCATALOG_COMPILER_APPICON_NAME = AppIcon;
				ASSETCATALOG_COMPILER_GLOBAL_ACCENT_COLOR_NAME = AccentColor;
				CODE_SIGN_IDENTITY = "Apple Development";
				CODE_SIGN_STYLE = Automatic;
				CURRENT_PROJECT_VERSION = 1;
				DEVELOPMENT_ASSET_PATHS = "\"Scrumdinger/Preview Content\"";
				DEVELOPMENT_TEAM = P55KL9T8CF;
				ENABLE_PREVIEWS = YES;
				GENERATE_INFOPLIST_FILE = YES;
				INFOPLIST_KEY_UIApplicationSceneManifest_Generation = YES;
				INFOPLIST_KEY_UIApplicationSupportsIndirectInputEvents = YES;
				INFOPLIST_KEY_UILaunchScreen_Generation = YES;
				INFOPLIST_KEY_UISupportedInterfaceOrientations_iPad = "UIInterfaceOrientationPortrait UIInterfaceOrientationPortraitUpsideDown UIInterfaceOrientationLandscapeLeft UIInterfaceOrientationLandscapeRight";
				INFOPLIST_KEY_UISupportedInterfaceOrientations_iPhone = "UIInterfaceOrientationPortrait UIInterfaceOrientationLandscapeLeft UIInterfaceOrientationLandscapeRight";
				IPHONEOS_DEPLOYMENT_TARGET = 16.2;
				LD_RUNPATH_SEARCH_PATHS = (
					"$(inherited)",
					"@executable_path/Frameworks",
				);
				MARKETING_VERSION = 1.0;
				PRODUCT_BUNDLE_IDENTIFIER = com.mynt.Scrumdinger;
				PRODUCT_NAME = "$(TARGET_NAME)";
				PROVISIONING_PROFILE_SPECIFIER = "";
				SWIFT_EMIT_LOC_STRINGS = YES;
				SWIFT_VERSION = 5.0;
				TARGETED_DEVICE_FAMILY = "1,2";
			};
			name = Release;
		};
		2054099229BD511300C3B2EA /* Debug */ = {
			isa = XCBuildConfiguration;
			buildSettings = {
				ALWAYS_EMBED_SWIFT_STANDARD_LIBRARIES = YES;
				BUNDLE_LOADER = "$(TEST_HOST)";
				CODE_SIGN_STYLE = Automatic;
				CURRENT_PROJECT_VERSION = 1;
				GENERATE_INFOPLIST_FILE = YES;
				IPHONEOS_DEPLOYMENT_TARGET = 16.2;
				MARKETING_VERSION = 1.0;
				PRODUCT_BUNDLE_IDENTIFIER = com.mynt.ScrumdingerTests;
				PRODUCT_NAME = "$(TARGET_NAME)";
				SWIFT_EMIT_LOC_STRINGS = NO;
				SWIFT_VERSION = 5.0;
				TARGETED_DEVICE_FAMILY = "1,2";
				TEST_HOST = "$(BUILT_PRODUCTS_DIR)/Scrumdinger.app/$(BUNDLE_EXECUTABLE_FOLDER_PATH)/Scrumdinger";
			};
			name = Debug;
		};
		2054099329BD511300C3B2EA /* Release */ = {
			isa = XCBuildConfiguration;
			buildSettings = {
				ALWAYS_EMBED_SWIFT_STANDARD_LIBRARIES = YES;
				BUNDLE_LOADER = "$(TEST_HOST)";
				CODE_SIGN_STYLE = Automatic;
				CURRENT_PROJECT_VERSION = 1;
				GENERATE_INFOPLIST_FILE = YES;
				IPHONEOS_DEPLOYMENT_TARGET = 16.2;
				MARKETING_VERSION = 1.0;
				PRODUCT_BUNDLE_IDENTIFIER = com.mynt.ScrumdingerTests;
				PRODUCT_NAME = "$(TARGET_NAME)";
				SWIFT_EMIT_LOC_STRINGS = NO;
				SWIFT_VERSION = 5.0;
				TARGETED_DEVICE_FAMILY = "1,2";
				TEST_HOST = "$(BUILT_PRODUCTS_DIR)/Scrumdinger.app/$(BUNDLE_EXECUTABLE_FOLDER_PATH)/Scrumdinger";
			};
			name = Release;
		};
		2054099529BD511300C3B2EA /* Debug */ = {
			isa = XCBuildConfiguration;
			buildSettings = {
				ALWAYS_EMBED_SWIFT_STANDARD_LIBRARIES = YES;
				CODE_SIGN_STYLE = Automatic;
				CURRENT_PROJECT_VERSION = 1;
				GENERATE_INFOPLIST_FILE = YES;
				MARKETING_VERSION = 1.0;
				PRODUCT_BUNDLE_IDENTIFIER = com.mynt.ScrumdingerUITests;
				PRODUCT_NAME = "$(TARGET_NAME)";
				SWIFT_EMIT_LOC_STRINGS = NO;
				SWIFT_VERSION = 5.0;
				TARGETED_DEVICE_FAMILY = "1,2";
				TEST_TARGET_NAME = Scrumdinger;
			};
			name = Debug;
		};
		2054099629BD511300C3B2EA /* Release */ = {
			isa = XCBuildConfiguration;
			buildSettings = {
				ALWAYS_EMBED_SWIFT_STANDARD_LIBRARIES = YES;
				CODE_SIGN_STYLE = Automatic;
				CURRENT_PROJECT_VERSION = 1;
				GENERATE_INFOPLIST_FILE = YES;
				MARKETING_VERSION = 1.0;
				PRODUCT_BUNDLE_IDENTIFIER = com.mynt.ScrumdingerUITests;
				PRODUCT_NAME = "$(TARGET_NAME)";
				SWIFT_EMIT_LOC_STRINGS = NO;
				SWIFT_VERSION = 5.0;
				TARGETED_DEVICE_FAMILY = "1,2";
				TEST_TARGET_NAME = Scrumdinger;
			};
			name = Release;
		};
/* End XCBuildConfiguration section */

/* Begin XCConfigurationList section */
		2054096529BD511100C3B2EA /* Build configuration list for PBXProject "Scrumdinger" */ = {
			isa = XCConfigurationList;
			buildConfigurations = (
				2054098C29BD511300C3B2EA /* Debug */,
				2054098D29BD511300C3B2EA /* Release */,
			);
			defaultConfigurationIsVisible = 0;
			defaultConfigurationName = Release;
		};
		2054098E29BD511300C3B2EA /* Build configuration list for PBXNativeTarget "Scrumdinger" */ = {
			isa = XCConfigurationList;
			buildConfigurations = (
				2054098F29BD511300C3B2EA /* Debug */,
				2054099029BD511300C3B2EA /* Release */,
			);
			defaultConfigurationIsVisible = 0;
			defaultConfigurationName = Release;
		};
		2054099129BD511300C3B2EA /* Build configuration list for PBXNativeTarget "ScrumdingerTests" */ = {
			isa = XCConfigurationList;
			buildConfigurations = (
				2054099229BD511300C3B2EA /* Debug */,
				2054099329BD511300C3B2EA /* Release */,
			);
			defaultConfigurationIsVisible = 0;
			defaultConfigurationName = Release;
		};
		2054099429BD511300C3B2EA /* Build configuration list for PBXNativeTarget "ScrumdingerUITests" */ = {
			isa = XCConfigurationList;
			buildConfigurations = (
				2054099529BD511300C3B2EA /* Debug */,
				2054099629BD511300C3B2EA /* Release */,
			);
			defaultConfigurationIsVisible = 0;
			defaultConfigurationName = Release;
		};
/* End XCConfigurationList section */
	};
	rootObject = 2054096229BD511100C3B2EA /* Project object */;
}
